
Microsoft Visual Studio Solution File, Format Version 12.00
# Visual Studio Version 17
VisualStudioVersion = 17.12.35527.113
MinimumVisualStudioVersion = 10.0.40219.1
Project("{2150E333-8FDC-42A3-9474-1A3956D46DE8}") = "src", "src", "{171E0084-4D44-4DC5-BDE5-5A6EA1B5AFE2}"
EndProject
Project("{2150E333-8FDC-42A3-9474-1A3956D46DE8}") = "Api", "Api", "{7F717660-4F83-41E2-B4F6-BDC009A4D8B2}"
EndProject
Project("{2150E333-8FDC-42A3-9474-1A3956D46DE8}") = "Core", "Core", "{79BF366C-996C-4899-A777-CE1ED13AAE63}"
EndProject
Project("{2150E333-8FDC-42A3-9474-1A3956D46DE8}") = "Infrastructure", "Infrastructure", "{CDE8FF76-F86C-4C35-9068-E53E8C4A6F34}"
EndProject
Project("{2150E333-8FDC-42A3-9474-1A3956D46DE8}") = "tests", "tests", "{F4D92F4E-20D5-4A70-AB30-6E2BE3EF720C}"
EndProject
Project("{FAE04EC0-301F-11D3-BF4B-00C04F79EFBC}") = "Cfa.ACHInterbank.Api", "src\Cfa.ACHInterbank.Api\Cfa.ACHInterbank.Api.csproj", "{3413D80C-1311-4800-B4BB-D96925D6021B}"
EndProject
Project("{FAE04EC0-301F-11D3-BF4B-00C04F79EFBC}") = "Cfa.ACHInterbank.Application", "src\Cfa.ACHInterbank.Application\Cfa.ACHInterbank.Application.csproj", "{5564C977-A02D-4460-BF94-3BD901E8E1F6}"
EndProject
Project("{FAE04EC0-301F-11D3-BF4B-00C04F79EFBC}") = "Cfa.ACHInterbank.Domain", "src\Cfa.ACHInterbank.Domain\Cfa.ACHInterbank.Domain.csproj", "{714EE7A6-6124-41E2-942A-F23C22D43C3F}"
EndProject
Project("{FAE04EC0-301F-11D3-BF4B-00C04F79EFBC}") = "Cfa.ACHInterbank.Persistence", "src\Cfa.ACHInterbank.Persistence\Cfa.ACHInterbank.Persistence.csproj", "{AED1CBF3-95F6-4DA4-B67A-E315AB610A47}"
EndProject
Project("{FAE04EC0-301F-11D3-BF4B-00C04F79EFBC}") = "Cfa.ACHInterbank.External", "src\Cfa.ACHInterbank.External\Cfa.ACHInterbank.External.csproj", "{0E5EBA8F-ABBF-4245-99F5-6C18F358B5D4}"
EndProject
Project("{FAE04EC0-301F-11D3-BF4B-00C04F79EFBC}") = "Cfa.ACHInterbank.Tests", "tests\Cfa.ACHInterbank.Tests\Cfa.ACHInterbank.Tests.csproj", "{2F11C36D-1D53-4D0F-A64E-57C66C0836C3}"
EndProject
Global
	GlobalSection(SolutionConfigurationPlatforms) = preSolution
		Debug|Any CPU = Debug|Any CPU
		Release|Any CPU = Release|Any CPU
	EndGlobalSection
	GlobalSection(ProjectConfigurationPlatforms) = postSolution
		{3413D80C-1311-4800-B4BB-D96925D6021B}.Debug|Any CPU.ActiveCfg = Debug|Any CPU
		{3413D80C-1311-4800-B4BB-D96925D6021B}.Debug|Any CPU.Build.0 = Debug|Any CPU
		{3413D80C-1311-4800-B4BB-D96925D6021B}.Release|Any CPU.ActiveCfg = Release|Any CPU
		{3413D80C-1311-4800-B4BB-D96925D6021B}.Release|Any CPU.Build.0 = Release|Any CPU
		{5564C977-A02D-4460-BF94-3BD901E8E1F6}.Debug|Any CPU.ActiveCfg = Debug|Any CPU
		{5564C977-A02D-4460-BF94-3BD901E8E1F6}.Debug|Any CPU.Build.0 = Debug|Any CPU
		{5564C977-A02D-4460-BF94-3BD901E8E1F6}.Release|Any CPU.ActiveCfg = Release|Any CPU
		{5564C977-A02D-4460-BF94-3BD901E8E1F6}.Release|Any CPU.Build.0 = Release|Any CPU
		{714EE7A6-6124-41E2-942A-F23C22D43C3F}.Debug|Any CPU.ActiveCfg = Debug|Any CPU
		{714EE7A6-6124-41E2-942A-F23C22D43C3F}.Debug|Any CPU.Build.0 = Debug|Any CPU
		{714EE7A6-6124-41E2-942A-F23C22D43C3F}.Release|Any CPU.ActiveCfg = Release|Any CPU
		{714EE7A6-6124-41E2-942A-F23C22D43C3F}.Release|Any CPU.Build.0 = Release|Any CPU
		{AED1CBF3-95F6-4DA4-B67A-E315AB610A47}.Debug|Any CPU.ActiveCfg = Debug|Any CPU
		{AED1CBF3-95F6-4DA4-B67A-E315AB610A47}.Debug|Any CPU.Build.0 = Debug|Any CPU
		{AED1CBF3-95F6-4DA4-B67A-E315AB610A47}.Release|Any CPU.ActiveCfg = Release|Any CPU
		{AED1CBF3-95F6-4DA4-B67A-E315AB610A47}.Release|Any CPU.Build.0 = Release|Any CPU
                {0E5EBA8F-ABBF-4245-99F5-6C18F358B5D4}.Debug|Any CPU.ActiveCfg = Debug|Any CPU
                {0E5EBA8F-ABBF-4245-99F5-6C18F358B5D4}.Debug|Any CPU.Build.0 = Debug|Any CPU
                {0E5EBA8F-ABBF-4245-99F5-6C18F358B5D4}.Release|Any CPU.ActiveCfg = Release|Any CPU
                {0E5EBA8F-ABBF-4245-99F5-6C18F358B5D4}.Release|Any CPU.Build.0 = Release|Any CPU
                {2F11C36D-1D53-4D0F-A64E-57C66C0836C3}.Debug|Any CPU.ActiveCfg = Debug|Any CPU
                {2F11C36D-1D53-4D0F-A64E-57C66C0836C3}.Debug|Any CPU.Build.0 = Debug|Any CPU
                {2F11C36D-1D53-4D0F-A64E-57C66C0836C3}.Release|Any CPU.ActiveCfg = Release|Any CPU
                {2F11C36D-1D53-4D0F-A64E-57C66C0836C3}.Release|Any CPU.Build.0 = Release|Any CPU
        EndGlobalSection
        GlobalSection(SolutionProperties) = preSolution
                HideSolutionNode = FALSE
        EndGlobalSection
        GlobalSection(NestedProjects) = preSolution
                {7F717660-4F83-41E2-B4F6-BDC009A4D8B2} = {171E0084-4D44-4DC5-BDE5-5A6EA1B5AFE2}
                {79BF366C-996C-4899-A777-CE1ED13AAE63} = {171E0084-4D44-4DC5-BDE5-5A6EA1B5AFE2}
                {CDE8FF76-F86C-4C35-9068-E53E8C4A6F34} = {171E0084-4D44-4DC5-BDE5-5A6EA1B5AFE2}
                {3413D80C-1311-4800-B4BB-D96925D6021B} = {7F717660-4F83-41E2-B4F6-BDC009A4D8B2}
                {5564C977-A02D-4460-BF94-3BD901E8E1F6} = {79BF366C-996C-4899-A777-CE1ED13AAE63}
                {714EE7A6-6124-41E2-942A-F23C22D43C3F} = {79BF366C-996C-4899-A777-CE1ED13AAE63}
                {AED1CBF3-95F6-4DA4-B67A-E315AB610A47} = {CDE8FF76-F86C-4C35-9068-E53E8C4A6F34}
                {0E5EBA8F-ABBF-4245-99F5-6C18F358B5D4} = {CDE8FF76-F86C-4C35-9068-E53E8C4A6F34}
                {F4D92F4E-20D5-4A70-AB30-6E2BE3EF720C} = {171E0084-4D44-4DC5-BDE5-5A6EA1B5AFE2}
                {2F11C36D-1D53-4D0F-A64E-57C66C0836C3} = {F4D92F4E-20D5-4A70-AB30-6E2BE3EF720C}
        EndGlobalSection
EndGlobal
